# THIS IS AN AUTOGENERATED FILE. DO NOT EDIT THIS FILE DIRECTLY.
# yarn lockfile v1


"@textlint/ast-node-types@^4.0.3":
  version "4.2.5"
  resolved "https://registry.npm.taobao.org/@textlint/ast-node-types/download/@textlint/ast-node-types-4.2.5.tgz#ae13981bc8711c98313a6ac1c361194d6bf2d39b"
  integrity sha1-rhOYG8hxHJgxOmrBw2EZTWvy05s=

"@textlint/markdown-to-ast@~6.0.9":
  version "6.0.9"
  resolved "https://registry.npm.taobao.org/@textlint/markdown-to-ast/download/@textlint/markdown-to-ast-6.0.9.tgz#e7c89e5ad15d17dcd8e5a62758358936827658fa"
  integrity sha1-58ieWtFdF9zY5aYnWDWJNoJ2WPo=
  dependencies:
    "@textlint/ast-node-types" "^4.0.3"
    debug "^2.1.3"
    remark-frontmatter "^1.2.0"
    remark-parse "^5.0.0"
    structured-source "^3.0.2"
    traverse "^0.6.6"
    unified "^6.1.6"

"@types/events@*":
  version "3.0.0"
  resolved "https://registry.npm.taobao.org/@types/events/download/@types/events-3.0.0.tgz?cache=0&sync_timestamp=1580841990603&other_urls=https%3A%2F%2Fregistry.npm.taobao.org%2F%40types%2Fevents%2Fdownload%2F%40types%2Fevents-3.0.0.tgz#2862f3f58a9a7f7c3e78d79f130dd4d71c25c2a7"
  integrity sha1-KGLz9Yqaf3w+eNefEw3U1xwlwqc=

"@types/glob@^7.1.1":
  version "7.1.1"
  resolved "https://registry.npm.taobao.org/@types/glob/download/@types/glob-7.1.1.tgz#aa59a1c6e3fbc421e07ccd31a944c30eba521575"
  integrity sha1-qlmhxuP7xCHgfM0xqUTDDrpSFXU=
  dependencies:
    "@types/events" "*"
    "@types/minimatch" "*"
    "@types/node" "*"

"@types/minimatch@*":
  version "3.0.3"
  resolved "https://registry.npm.taobao.org/@types/minimatch/download/@types/minimatch-3.0.3.tgz?cache=0&other_urls=https%3A%2F%2Fregistry.npm.taobao.org%2F%40types%2Fminimatch%2Fdownload%2F%40types%2Fminimatch-3.0.3.tgz#3dca0e3f33b200fc7d1139c0cd96c1268cadfd9d"
  integrity sha1-PcoOPzOyAPx9ETnAzZbBJoyt/Z0=

"@types/node@*", "@types/node@^13.11.0":
  version "13.11.0"
  resolved "https://registry.npm.taobao.org/@types/node/download/@types/node-13.11.0.tgz#390ea202539c61c8fa6ba4428b57e05bc36dc47b"
  integrity sha1-OQ6iAlOcYcj6a6RCi1fgW8NtxHs=

"@types/ramda@^0.27.3":
  version "0.27.3"
  resolved "https://registry.npm.taobao.org/@types/ramda/download/@types/ramda-0.27.3.tgz#826355839c9da8c153a182f9697ddbe63c67f286"
  integrity sha1-gmNVg5ydqMFToYL5aX3b5jxn8oY=
  dependencies:
    ts-toolbelt "^6.3.3"

anchor-markdown-header@^0.5.5:
  version "0.5.7"
  resolved "https://registry.npm.taobao.org/anchor-markdown-header/download/anchor-markdown-header-0.5.7.tgz#045063d76e6a1f9cd327a57a0126aa0fdec371a7"
  integrity sha1-BFBj125qH5zTJ6V6ASaqD97Dcac=
  dependencies:
    emoji-regex "~6.1.0"

bail@^1.0.0:
  version "1.0.5"
  resolved "https://registry.npm.taobao.org/bail/download/bail-1.0.5.tgz?cache=0&sync_timestamp=1579948347126&other_urls=https%3A%2F%2Fregistry.npm.taobao.org%2Fbail%2Fdownload%2Fbail-1.0.5.tgz#b6fa133404a392cbc1f8c4bf63f5953351e7a776"
  integrity sha1-tvoTNASjksvB+MS/Y/WVM1Hnp3Y=

balanced-match@^1.0.0:
  version "1.0.0"
  resolved "https://registry.npm.taobao.org/balanced-match/download/balanced-match-1.0.0.tgz#89b4d199ab2bee49de164ea02b89ce462d71b767"
  integrity sha1-ibTRmasr7kneFk6gK4nORi1xt2c=

boundary@^1.0.1:
  version "1.0.1"
  resolved "https://registry.npm.taobao.org/boundary/download/boundary-1.0.1.tgz#4d67dc2602c0cc16dd9bce7ebf87e948290f5812"
  integrity sha1-TWfcJgLAzBbdm85+v4fpSCkPWBI=

brace-expansion@^1.1.7:
  version "1.1.11"
  resolved "https://registry.npm.taobao.org/brace-expansion/download/brace-expansion-1.1.11.tgz#3c7fcbf529d87226f3d2f52b966ff5271eb441dd"
  integrity sha1-PH/L9SnYcibz0vUrlm/1Jx60Qd0=
  dependencies:
    balanced-match "^1.0.0"
    concat-map "0.0.1"

character-entities-legacy@^1.0.0:
  version "1.1.4"
  resolved "https://registry.npm.taobao.org/character-entities-legacy/download/character-entities-legacy-1.1.4.tgz?cache=0&other_urls=https%3A%2F%2Fregistry.npm.taobao.org%2Fcharacter-entities-legacy%2Fdownload%2Fcharacter-entities-legacy-1.1.4.tgz#94bc1845dce70a5bb9d2ecc748725661293d8fc1"
  integrity sha1-lLwYRdznClu50uzHSHJWYSk9j8E=

character-entities@^1.0.0:
  version "1.2.4"
  resolved "https://registry.npm.taobao.org/character-entities/download/character-entities-1.2.4.tgz#e12c3939b7eaf4e5b15e7ad4c5e28e1d48c5b16b"
  integrity sha1-4Sw5Obfq9OWxXnrUxeKOHUjFsWs=

character-reference-invalid@^1.0.0:
  version "1.1.4"
  resolved "https://registry.npm.taobao.org/character-reference-invalid/download/character-reference-invalid-1.1.4.tgz#083329cda0eae272ab3dbbf37e9a382c13af1560"
  integrity sha1-CDMpzaDq4nKrPbvzfpo4LBOvFWA=

collapse-white-space@^1.0.2:
  version "1.0.6"
  resolved "https://registry.npm.taobao.org/collapse-white-space/download/collapse-white-space-1.0.6.tgz#e63629c0016665792060dbbeb79c42239d2c5287"
  integrity sha1-5jYpwAFmZXkgYNu+t5xCI50sUoc=

concat-map@0.0.1:
  version "0.0.1"
  resolved "https://registry.npm.taobao.org/concat-map/download/concat-map-0.0.1.tgz#d8a96bd77fd68df7793a73036a3ba0d5405d477b"
  integrity sha1-2Klr13/Wjfd5OnMDajug1UBdR3s=

core-util-is@~1.0.0:
  version "1.0.2"
  resolved "https://registry.npm.taobao.org/core-util-is/download/core-util-is-1.0.2.tgz#b5fd54220aa2bc5ab57aab7140c940754503c1a7"
  integrity sha1-tf1UIgqivFq1eqtxQMlAdUUDwac=

debug@^2.1.3:
  version "2.6.9"
  resolved "https://registry.npm.taobao.org/debug/download/debug-2.6.9.tgz#5d128515df134ff327e90a4c93f4e077a536341f"
  integrity sha1-XRKFFd8TT/Mn6QpMk/Tgd6U2NB8=
  dependencies:
    ms "2.0.0"

doctoc@^1.4.0:
  version "1.4.0"
  resolved "https://registry.npm.taobao.org/doctoc/download/doctoc-1.4.0.tgz#3115aa61d0a92f0abb0672036918ea904f5b9e02"
  integrity sha1-MRWqYdCpLwq7BnIDaRjqkE9bngI=
  dependencies:
    "@textlint/markdown-to-ast" "~6.0.9"
    anchor-markdown-header "^0.5.5"
    htmlparser2 "~3.9.2"
    minimist "~1.2.0"
    underscore "~1.8.3"
    update-section "^0.3.0"

dom-serializer@0:
  version "0.2.2"
  resolved "https://registry.npm.taobao.org/dom-serializer/download/dom-serializer-0.2.2.tgz#1afb81f533717175d478655debc5e332d9f9bb51"
  integrity sha1-GvuB9TNxcXXUeGVd68XjMtn5u1E=
  dependencies:
    domelementtype "^2.0.1"
    entities "^2.0.0"

domelementtype@1, domelementtype@^1.3.0:
  version "1.3.1"
  resolved "https://registry.npm.taobao.org/domelementtype/download/domelementtype-1.3.1.tgz?cache=0&other_urls=https%3A%2F%2Fregistry.npm.taobao.org%2Fdomelementtype%2Fdownload%2Fdomelementtype-1.3.1.tgz#d048c44b37b0d10a7f2a3d5fee3f4333d790481f"
  integrity sha1-0EjESzew0Qp/Kj1f7j9DM9eQSB8=

domelementtype@^2.0.1:
  version "2.0.1"
  resolved "https://registry.npm.taobao.org/domelementtype/download/domelementtype-2.0.1.tgz?cache=0&other_urls=https%3A%2F%2Fregistry.npm.taobao.org%2Fdomelementtype%2Fdownload%2Fdomelementtype-2.0.1.tgz#1f8bdfe91f5a78063274e803b4bdcedf6e94f94d"
  integrity sha1-H4vf6R9aeAYydOgDtL3O326U+U0=

domhandler@^2.3.0:
  version "2.4.2"
  resolved "https://registry.npm.taobao.org/domhandler/download/domhandler-2.4.2.tgz#8805097e933d65e85546f726d60f5eb88b44f803"
  integrity sha1-iAUJfpM9ZehVRvcm1g9euItE+AM=
  dependencies:
    domelementtype "1"

domutils@^1.5.1:
  version "1.7.0"
  resolved "https://registry.npm.taobao.org/domutils/download/domutils-1.7.0.tgz#56ea341e834e06e6748af7a1cb25da67ea9f8c2a"
  integrity sha1-Vuo0HoNOBuZ0ivehyyXaZ+qfjCo=
  dependencies:
    dom-serializer "0"
    domelementtype "1"

emoji-regex@~6.1.0:
  version "6.1.3"
  resolved "https://registry.npm.taobao.org/emoji-regex/download/emoji-regex-6.1.3.tgz#ec79a3969b02d2ecf2b72254279bf99bc7a83932"
  integrity sha1-7HmjlpsC0uzytyJUJ5v5m8eoOTI=

entities@^1.1.1:
  version "1.1.2"
  resolved "https://registry.npm.taobao.org/entities/download/entities-1.1.2.tgz#bdfa735299664dfafd34529ed4f8522a275fea56"
  integrity sha1-vfpzUplmTfr9NFKe1PhSKidf6lY=

entities@^2.0.0:
  version "2.0.0"
  resolved "https://registry.npm.taobao.org/entities/download/entities-2.0.0.tgz#68d6084cab1b079767540d80e56a39b423e4abf4"
  integrity sha1-aNYITKsbB5dnVA2A5Wo5tCPkq/Q=

extend@^3.0.0:
  version "3.0.2"
  resolved "https://registry.npm.taobao.org/extend/download/extend-3.0.2.tgz#f8b1136b4071fbd8eb140aff858b1019ec2915fa"
  integrity sha1-+LETa0Bx+9jrFAr/hYsQGewpFfo=

fault@^1.0.1:
  version "1.0.4"
  resolved "https://registry.npm.taobao.org/fault/download/fault-1.0.4.tgz#eafcfc0a6d214fc94601e170df29954a4f842f13"
  integrity sha1-6vz8Cm0hT8lGAeFw3ymVSk+ELxM=
  dependencies:
    format "^0.2.0"

format@^0.2.0:
  version "0.2.2"
  resolved "https://registry.npm.taobao.org/format/download/format-0.2.2.tgz#d6170107e9efdc4ed30c9dc39016df942b5cb58b"
  integrity sha1-1hcBB+nv3E7TDJ3DkBbflCtctYs=

fs.realpath@^1.0.0:
  version "1.0.0"
  resolved "https://registry.npm.taobao.org/fs.realpath/download/fs.realpath-1.0.0.tgz#1504ad2523158caa40db4a2787cb01411994ea4f"
  integrity sha1-FQStJSMVjKpA20onh8sBQRmU6k8=

glob@^7.1.6:
  version "7.1.6"
  resolved "https://registry.npm.taobao.org/glob/download/glob-7.1.6.tgz#141f33b81a7c2492e125594307480c46679278a6"
  integrity sha1-FB8zuBp8JJLhJVlDB0gMRmeSeKY=
  dependencies:
    fs.realpath "^1.0.0"
    inflight "^1.0.4"
    inherits "2"
    minimatch "^3.0.4"
    once "^1.3.0"
    path-is-absolute "^1.0.0"

htmlparser2@~3.9.2:
  version "3.9.2"
  resolved "https://registry.npm.taobao.org/htmlparser2/download/htmlparser2-3.9.2.tgz?cache=0&sync_timestamp=1582422905208&other_urls=https%3A%2F%2Fregistry.npm.taobao.org%2Fhtmlparser2%2Fdownload%2Fhtmlparser2-3.9.2.tgz#1bdf87acca0f3f9e53fa4fcceb0f4b4cbb00b338"
  integrity sha1-G9+HrMoPP55T+k/M6w9LTLsAszg=
  dependencies:
    domelementtype "^1.3.0"
    domhandler "^2.3.0"
    domutils "^1.5.1"
    entities "^1.1.1"
    inherits "^2.0.1"
    readable-stream "^2.0.2"

inflight@^1.0.4:
  version "1.0.6"
  resolved "https://registry.npm.taobao.org/inflight/download/inflight-1.0.6.tgz#49bd6331d7d02d0c09bc910a1075ba8165b56df9"
  integrity sha1-Sb1jMdfQLQwJvJEKEHW6gWW1bfk=
  dependencies:
    once "^1.3.0"
    wrappy "1"

inherits@2, inherits@^2.0.0, inherits@^2.0.1, inherits@~2.0.3:
  version "2.0.4"
  resolved "https://registry.npm.taobao.org/inherits/download/inherits-2.0.4.tgz#0fa2c64f932917c3433a0ded55363aae37416b7c"
  integrity sha1-D6LGT5MpF8NDOg3tVTY6rjdBa3w=

is-alphabetical@^1.0.0:
  version "1.0.4"
  resolved "https://registry.npm.taobao.org/is-alphabetical/download/is-alphabetical-1.0.4.tgz#9e7d6b94916be22153745d184c298cbf986a686d"
  integrity sha1-nn1rlJFr4iFTdF0YTCmMv5hqaG0=

is-alphanumerical@^1.0.0:
  version "1.0.4"
  resolved "https://registry.npm.taobao.org/is-alphanumerical/download/is-alphanumerical-1.0.4.tgz#7eb9a2431f855f6b1ef1a78e326df515696c4dbf"
  integrity sha1-frmiQx+FX2se8aeOMm31FWlsTb8=
  dependencies:
    is-alphabetical "^1.0.0"
    is-decimal "^1.0.0"

is-buffer@^1.1.4:
  version "1.1.6"
  resolved "https://registry.npm.taobao.org/is-buffer/download/is-buffer-1.1.6.tgz#efaa2ea9daa0d7ab2ea13a97b2b8ad51fefbe8be"
  integrity sha1-76ouqdqg16suoTqXsritUf776L4=

is-decimal@^1.0.0:
  version "1.0.4"
  resolved "https://registry.npm.taobao.org/is-decimal/download/is-decimal-1.0.4.tgz#65a3a5958a1c5b63a706e1b333d7cd9f630d3fa5"
  integrity sha1-ZaOllYocW2OnBuGzM9fNn2MNP6U=

is-hexadecimal@^1.0.0:
  version "1.0.4"
  resolved "https://registry.npm.taobao.org/is-hexadecimal/download/is-hexadecimal-1.0.4.tgz#cc35c97588da4bd49a8eedd6bc4082d44dcb23a7"
  integrity sha1-zDXJdYjaS9Saju3WvECC1E3LI6c=

is-plain-obj@^1.1.0:
  version "1.1.0"
  resolved "https://registry.npm.taobao.org/is-plain-obj/download/is-plain-obj-1.1.0.tgz#71a50c8429dfca773c92a390a4a03b39fcd51d3e"
  integrity sha1-caUMhCnfync8kqOQpKA7OfzVHT4=

is-whitespace-character@^1.0.0:
  version "1.0.4"
  resolved "https://registry.npm.taobao.org/is-whitespace-character/download/is-whitespace-character-1.0.4.tgz?cache=0&sync_timestamp=1579950042138&other_urls=https%3A%2F%2Fregistry.npm.taobao.org%2Fis-whitespace-character%2Fdownload%2Fis-whitespace-character-1.0.4.tgz#0858edd94a95594c7c9dd0b5c174ec6e45ee4aa7"
  integrity sha1-CFjt2UqVWUx8ndC1wXTsbkXuSqc=

is-word-character@^1.0.0:
  version "1.0.4"
  resolved "https://registry.npm.taobao.org/is-word-character/download/is-word-character-1.0.4.tgz#ce0e73216f98599060592f62ff31354ddbeb0230"
  integrity sha1-zg5zIW+YWZBgWS9i/zE1TdvrAjA=

isarray@~1.0.0:
  version "1.0.0"
  resolved "https://registry.npm.taobao.org/isarray/download/isarray-1.0.0.tgz#bb935d48582cba168c06834957a54a3e07124f11"
  integrity sha1-u5NdSFgsuhaMBoNJV6VKPgcSTxE=

markdown-escapes@^1.0.0:
  version "1.0.4"
  resolved "https://registry.npm.taobao.org/markdown-escapes/download/markdown-escapes-1.0.4.tgz#c95415ef451499d7602b91095f3c8e8975f78535"
  integrity sha1-yVQV70UUmddgK5EJXzyOiXX3hTU=

minimatch@^3.0.4:
  version "3.0.4"
  resolved "https://registry.npm.taobao.org/minimatch/download/minimatch-3.0.4.tgz#5166e286457f03306064be5497e8dbb0c3d32083"
  integrity sha1-UWbihkV/AzBgZL5Ul+jbsMPTIIM=
  dependencies:
    brace-expansion "^1.1.7"

minimist@~1.2.0:
  version "1.2.5"
  resolved "https://registry.npm.taobao.org/minimist/download/minimist-1.2.5.tgz#67d66014b66a6a8aaa0c083c5fd58df4e4e97602"
  integrity sha1-Z9ZgFLZqaoqqDAg8X9WN9OTpdgI=

ms@2.0.0:
  version "2.0.0"
  resolved "https://registry.npm.taobao.org/ms/download/ms-2.0.0.tgz#5608aeadfc00be6c2901df5f9861788de0d597c8"
  integrity sha1-VgiurfwAvmwpAd9fmGF4jeDVl8g=

once@^1.3.0:
  version "1.4.0"
  resolved "https://registry.npm.taobao.org/once/download/once-1.4.0.tgz#583b1aa775961d4b113ac17d9c50baef9dd76bd1"
  integrity sha1-WDsap3WWHUsROsF9nFC6753Xa9E=
  dependencies:
    wrappy "1"

parse-entities@^1.1.0:
  version "1.2.2"
  resolved "https://registry.npm.taobao.org/parse-entities/download/parse-entities-1.2.2.tgz#c31bf0f653b6661354f8973559cb86dd1d5edf50"
  integrity sha1-wxvw9lO2ZhNU+Jc1WcuG3R1e31A=
  dependencies:
    character-entities "^1.0.0"
    character-entities-legacy "^1.0.0"
    character-reference-invalid "^1.0.0"
    is-alphanumerical "^1.0.0"
    is-decimal "^1.0.0"
    is-hexadecimal "^1.0.0"

path-is-absolute@^1.0.0:
  version "1.0.1"
  resolved "https://registry.npm.taobao.org/path-is-absolute/download/path-is-absolute-1.0.1.tgz#174b9268735534ffbc7ace6bf53a5a9e1b5c5f5f"
  integrity sha1-F0uSaHNVNP+8es5r9TpanhtcX18=

prettier@^2.0.3:
  version "2.0.3"
  resolved "https://registry.npm.taobao.org/prettier/download/prettier-2.0.3.tgz?cache=0&other_urls=https%3A%2F%2Fregistry.npm.taobao.org%2Fprettier%2Fdownload%2Fprettier-2.0.3.tgz#9a06f0e94a51420e78b6925568b5bec72afe41ea"
  integrity sha1-mgbw6UpRQg54tpJVaLW+xyr+Qeo=

process-nextick-args@~2.0.0:
  version "2.0.1"
  resolved "https://registry.npm.taobao.org/process-nextick-args/download/process-nextick-args-2.0.1.tgz#7820d9b16120cc55ca9ae7792680ae7dba6d7fe2"
  integrity sha1-eCDZsWEgzFXKmud5JoCufbptf+I=

ramda@^0.27.0:
  version "0.27.0"
  resolved "https://registry.npm.taobao.org/ramda/download/ramda-0.27.0.tgz#915dc29865c0800bf3f69b8fd6c279898b59de43"
  integrity sha1-kV3CmGXAgAvz9puP1sJ5iYtZ3kM=

readable-stream@^2.0.2:
  version "2.3.7"
  resolved "https://registry.npm.taobao.org/readable-stream/download/readable-stream-2.3.7.tgz?cache=0&sync_timestamp=1581622984924&other_urls=https%3A%2F%2Fregistry.npm.taobao.org%2Freadable-stream%2Fdownload%2Freadable-stream-2.3.7.tgz#1eca1cf711aef814c04f62252a36a62f6cb23b57"
  integrity sha1-Hsoc9xGu+BTAT2IlKjamL2yyO1c=
  dependencies:
    core-util-is "~1.0.0"
    inherits "~2.0.3"
    isarray "~1.0.0"
    process-nextick-args "~2.0.0"
    safe-buffer "~5.1.1"
    string_decoder "~1.1.1"
    util-deprecate "~1.0.1"

remark-frontmatter@^1.2.0:
  version "1.3.3"
  resolved "https://registry.npm.taobao.org/remark-frontmatter/download/remark-frontmatter-1.3.3.tgz#67ec63c89da5a84bb793ecec166e11b4eb47af10"
  integrity sha1-Z+xjyJ2lqEu3k+zsFm4RtOtHrxA=
  dependencies:
    fault "^1.0.1"
    xtend "^4.0.1"

remark-parse@^5.0.0:
  version "5.0.0"
  resolved "https://registry.npm.taobao.org/remark-parse/download/remark-parse-5.0.0.tgz#4c077f9e499044d1d5c13f80d7a98cf7b9285d95"
  integrity sha1-TAd/nkmQRNHVwT+A16mM97koXZU=
  dependencies:
    collapse-white-space "^1.0.2"
    is-alphabetical "^1.0.0"
    is-decimal "^1.0.0"
    is-whitespace-character "^1.0.0"
    is-word-character "^1.0.0"
    markdown-escapes "^1.0.0"
    parse-entities "^1.1.0"
    repeat-string "^1.5.4"
    state-toggle "^1.0.0"
    trim "0.0.1"
    trim-trailing-lines "^1.0.0"
    unherit "^1.0.4"
    unist-util-remove-position "^1.0.0"
    vfile-location "^2.0.0"
    xtend "^4.0.1"

repeat-string@^1.5.4:
  version "1.6.1"
  resolved "https://registry.npm.taobao.org/repeat-string/download/repeat-string-1.6.1.tgz#8dcae470e1c88abc2d600fff4a776286da75e637"
  integrity sha1-jcrkcOHIirwtYA//Sndihtp15jc=

replace-ext@1.0.0:
  version "1.0.0"
  resolved "https://registry.npm.taobao.org/replace-ext/download/replace-ext-1.0.0.tgz#de63128373fcbf7c3ccfa4de5a480c45a67958eb"
  integrity sha1-3mMSg3P8v3w8z6TeWkgMRaZ5WOs=

safe-buffer@~5.1.0, safe-buffer@~5.1.1:
  version "5.1.2"
  resolved "https://registry.npm.taobao.org/safe-buffer/download/safe-buffer-5.1.2.tgz#991ec69d296e0313747d59bdfd2b745c35f8828d"
  integrity sha1-mR7GnSluAxN0fVm9/St0XDX4go0=

state-toggle@^1.0.0:
  version "1.0.3"
  resolved "https://registry.npm.taobao.org/state-toggle/download/state-toggle-1.0.3.tgz#e123b16a88e143139b09c6852221bc9815917dfe"
  integrity sha1-4SOxaojhQxObCcaFIiG8mBWRff4=

string_decoder@~1.1.1:
  version "1.1.1"
  resolved "https://registry.npm.taobao.org/string_decoder/download/string_decoder-1.1.1.tgz#9cf1611ba62685d7030ae9e4ba34149c3af03fc8"
  integrity sha1-nPFhG6YmhdcDCunkujQUnDrwP8g=
  dependencies:
    safe-buffer "~5.1.0"

structured-source@^3.0.2:
  version "3.0.2"
  resolved "https://registry.npm.taobao.org/structured-source/download/structured-source-3.0.2.tgz#dd802425e0f53dc4a6e7aca3752901a1ccda7af5"
  integrity sha1-3YAkJeD1PcSm56yjdSkBoczaevU=
  dependencies:
    boundary "^1.0.1"

traverse@^0.6.6:
  version "0.6.6"
  resolved "https://registry.npm.taobao.org/traverse/download/traverse-0.6.6.tgz#cbdf560fd7b9af632502fed40f918c157ea97137"
  integrity sha1-y99WD9e5r2MlAv7UD5GMFX6pcTc=

trim-trailing-lines@^1.0.0:
  version "1.1.3"
  resolved "https://registry.npm.taobao.org/trim-trailing-lines/download/trim-trailing-lines-1.1.3.tgz#7f0739881ff76657b7776e10874128004b625a94"
  integrity sha1-fwc5iB/3Zle3d24Qh0EoAEtiWpQ=

trim@0.0.1:
  version "0.0.1"
  resolved "https://registry.npm.taobao.org/trim/download/trim-0.0.1.tgz#5858547f6b290757ee95cccc666fb50084c460dd"
  integrity sha1-WFhUf2spB1fulczMZm+1AITEYN0=

trough@^1.0.0:
  version "1.0.5"
  resolved "https://registry.npm.taobao.org/trough/download/trough-1.0.5.tgz?cache=0&sync_timestamp=1579946402604&other_urls=https%3A%2F%2Fregistry.npm.taobao.org%2Ftrough%2Fdownload%2Ftrough-1.0.5.tgz#b8b639cefad7d0bb2abd37d433ff8293efa5f406"
  integrity sha1-uLY5zvrX0LsqvTfUM/+Ck++l9AY=

ts-toolbelt@^6.3.3:
  version "6.3.12"
  resolved "https://registry.npm.taobao.org/ts-toolbelt/download/ts-toolbelt-6.3.12.tgz#2a9eb22759ef65d2ee3e01544f68059ea80917bf"
  integrity sha1-Kp6yJ1nvZdLuPgFUT2gFnqgJF78=

underscore@~1.8.3:
  version "1.8.3"
  resolved "https://registry.npm.taobao.org/underscore/download/underscore-1.8.3.tgz#4f3fb53b106e6097fcf9cb4109f2a5e9bdfa5022"
  integrity sha1-Tz+1OxBuYJf8+ctBCfKl6b36UCI=

unherit@^1.0.4:
  version "1.1.3"
  resolved "https://registry.npm.taobao.org/unherit/download/unherit-1.1.3.tgz#6c9b503f2b41b262330c80e91c8614abdaa69c22"
  integrity sha1-bJtQPytBsmIzDIDpHIYUq9qmnCI=
  dependencies:
    inherits "^2.0.0"
    xtend "^4.0.0"

unified@^6.1.6:
  version "6.2.0"
  resolved "https://registry.npm.taobao.org/unified/download/unified-6.2.0.tgz#7fbd630f719126d67d40c644b7e3f617035f6dba"
  integrity sha1-f71jD3GRJtZ9QMZEt+P2FwNfbbo=
  dependencies:
    bail "^1.0.0"
    extend "^3.0.0"
    is-plain-obj "^1.1.0"
    trough "^1.0.0"
    vfile "^2.0.0"
    x-is-string "^0.1.0"

unist-util-is@^3.0.0:
  version "3.0.0"
  resolved "https://registry.npm.taobao.org/unist-util-is/download/unist-util-is-3.0.0.tgz#d9e84381c2468e82629e4a5be9d7d05a2dd324cd"
  integrity sha1-2ehDgcJGjoJinkpb6dfQWi3TJM0=

unist-util-remove-position@^1.0.0:
  version "1.1.4"
  resolved "https://registry.npm.taobao.org/unist-util-remove-position/download/unist-util-remove-position-1.1.4.tgz#ec037348b6102c897703eee6d0294ca4755a2020"
  integrity sha1-7ANzSLYQLIl3A+7m0ClMpHVaICA=
  dependencies:
    unist-util-visit "^1.1.0"

unist-util-stringify-position@^1.0.0, unist-util-stringify-position@^1.1.1:
  version "1.1.2"
  resolved "https://registry.npm.taobao.org/unist-util-stringify-position/download/unist-util-stringify-position-1.1.2.tgz?cache=0&sync_timestamp=1582885956127&other_urls=https%3A%2F%2Fregistry.npm.taobao.org%2Funist-util-stringify-position%2Fdownload%2Funist-util-stringify-position-1.1.2.tgz#3f37fcf351279dcbca7480ab5889bb8a832ee1c6"
  integrity sha1-Pzf881EnncvKdICrWIm7ioMu4cY=

unist-util-visit-parents@^2.0.0:
  version "2.1.2"
  resolved "https://registry.npm.taobao.org/unist-util-visit-parents/download/unist-util-visit-parents-2.1.2.tgz?cache=0&sync_timestamp=1581962147292&other_urls=https%3A%2F%2Fregistry.npm.taobao.org%2Funist-util-visit-parents%2Fdownload%2Funist-util-visit-parents-2.1.2.tgz#25e43e55312166f3348cae6743588781d112c1e9"
  integrity sha1-JeQ+VTEhZvM0jK5nQ1iHgdESwek=
  dependencies:
    unist-util-is "^3.0.0"

unist-util-visit@^1.1.0:
  version "1.4.1"
  resolved "https://registry.npm.taobao.org/unist-util-visit/download/unist-util-visit-1.4.1.tgz?cache=0&sync_timestamp=1581869747917&other_urls=https%3A%2F%2Fregistry.npm.taobao.org%2Funist-util-visit%2Fdownload%2Funist-util-visit-1.4.1.tgz#4724aaa8486e6ee6e26d7ff3c8685960d560b1e3"
  integrity sha1-RySqqEhububibX/zyGhZYNVgseM=
  dependencies:
    unist-util-visit-parents "^2.0.0"

update-section@^0.3.0:
  version "0.3.3"
  resolved "https://registry.npm.taobao.org/update-section/download/update-section-0.3.3.tgz#458f17820d37820dc60e20b86d94391b00123158"
  integrity sha1-RY8Xgg03gg3GDiC4bZQ5GwASMVg=

util-deprecate@~1.0.1:
  version "1.0.2"
  resolved "https://registry.npm.taobao.org/util-deprecate/download/util-deprecate-1.0.2.tgz#450d4dc9fa70de732762fbd2d4a28981419a0ccf"
  integrity sha1-RQ1Nyfpw3nMnYvvS1KKJgUGaDM8=

vfile-location@^2.0.0:
  version "2.0.6"
  resolved "https://registry.npm.taobao.org/vfile-location/download/vfile-location-2.0.6.tgz#8a274f39411b8719ea5728802e10d9e0dff1519e"
  integrity sha1-iidPOUEbhxnqVyiALhDZ4N/xUZ4=

vfile-message@^1.0.0:
  version "1.1.1"
  resolved "https://registry.npm.taobao.org/vfile-message/download/vfile-message-1.1.1.tgz?cache=0&sync_timestamp=1585509108382&other_urls=https%3A%2F%2Fregistry.npm.taobao.org%2Fvfile-message%2Fdownload%2Fvfile-message-1.1.1.tgz#5833ae078a1dfa2d96e9647886cd32993ab313e1"
  integrity sha1-WDOuB4od+i2W6WR4hs0ymTqzE+E=
  dependencies:
    unist-util-stringify-position "^1.1.1"

vfile@^2.0.0:
  version "2.3.0"
  resolved "https://registry.npm.taobao.org/vfile/download/vfile-2.3.0.tgz?cache=0&sync_timestamp=1585508553137&other_urls=https%3A%2F%2Fregistry.npm.taobao.org%2Fvfile%2Fdownload%2Fvfile-2.3.0.tgz#e62d8e72b20e83c324bc6c67278ee272488bf84a"
  integrity sha1-5i2OcrIOg8MkvGxnJ47ickiL+Eo=
  dependencies:
    is-buffer "^1.1.4"
    replace-ext "1.0.0"
    unist-util-stringify-position "^1.0.0"
    vfile-message "^1.0.0"

wrappy@1:
  version "1.0.2"
  resolved "https://registry.npm.taobao.org/wrappy/download/wrappy-1.0.2.tgz#b5243d8f3ec1aa35f1364605bc0d1036e30ab69f"
  integrity sha1-tSQ9jz7BqjXxNkYFvA0QNuMKtp8=

x-is-string@^0.1.0:
  version "0.1.0"
  resolved "https://registry.npm.taobao.org/x-is-string/download/x-is-string-0.1.0.tgz#474b50865af3a49a9c4657f05acd145458f77d82"
  integrity sha1-R0tQhlrzpJqcRlfwWs0UVFj3fYI=

xtend@^4.0.0, xtend@^4.0.1:
  version "4.0.2"
  resolved "https://registry.npm.taobao.org/xtend/download/xtend-4.0.2.tgz#bb72779f5fa465186b1f438f674fa347fdb5db54"
  integrity sha1-u3J3n1+kZRhrH0OPZ0+jR/2121Q=
